
Microsoft Visual Studio Solution File, Format Version 12.00
# Visual Studio Version 17
VisualStudioVersion = 17.2.32516.85
MinimumVisualStudioVersion = 10.0.40219.1
Project("{9A19103F-16F7-4668-BE54-9A1E7A4F7556}") = "Framework.Core.Tests", "Framework.Core.Tests\Framework.Core.Tests.csproj", "{DE40AD15-D574-4290-A4D2-20715DC595E2}"
EndProject
Project("{9A19103F-16F7-4668-BE54-9A1E7A4F7556}") = "Framework.Core", "Framework.Core\Framework.Core.csproj", "{EF0291C0-2EE3-4789-AE0D-6D63190B2BF3}"
EndProject
Global
	GlobalSection(SolutionConfigurationPlatforms) = preSolution
		Debug|Any CPU = Debug|Any CPU
		Release|Any CPU = Release|Any CPU
	EndGlobalSection
	GlobalSection(ProjectConfigurationPlatforms) = postSolution
		{DE40AD15-D574-4290-A4D2-20715DC595E2}.Debug|Any CPU.ActiveCfg = Debug|Any CPU
		{DE40AD15-D574-4290-A4D2-20715DC595E2}.Debug|Any CPU.Build.0 = Debug|Any CPU
		{DE40AD15-D574-4290-A4D2-20715DC595E2}.Release|Any CPU.ActiveCfg = Release|Any CPU
		{DE40AD15-D574-4290-A4D2-20715DC595E2}.Release|Any CPU.Build.0 = Release|Any CPU
		{EF0291C0-2EE3-4789-AE0D-6D63190B2BF3}.Debug|Any CPU.ActiveCfg = Debug|Any CPU
		{EF0291C0-2EE3-4789-AE0D-6D63190B2BF3}.Debug|Any CPU.Build.0 = Debug|Any CPU
		{EF0291C0-2EE3-4789-AE0D-6D63190B2BF3}.Release|Any CPU.ActiveCfg = Release|Any CPU
		{EF0291C0-2EE3-4789-AE0D-6D63190B2BF3}.Release|Any CPU.Build.0 = Release|Any CPU
	EndGlobalSection
	GlobalSection(SolutionProperties) = preSolution
		HideSolutionNode = FALSE
	EndGlobalSection
	GlobalSection(ExtensibilityGlobals) = postSolution
		SolutionGuid = {41D9BB5F-E09B-4E67-9BC2-2E9DE837849F}
	EndGlobalSection
EndGlobal
