
Microsoft Visual Studio Solution File, Format Version 12.00
# Visual Studio Version 16
VisualStudioVersion = 16.0.29424.173
MinimumVisualStudioVersion = 10.0.40219.1
Project("{9A19103F-16F7-4668-BE54-9A1E7A4F7556}") = "Utility", "Utility\Utility.csproj", "{FAB3FBA3-AB13-4953-B3C4-A7D9519E149E}"
EndProject
Project("{9A19103F-16F7-4668-BE54-9A1E7A4F7556}") = "UnsubClientWeb", "UnsubClientWeb\UnsubClientWeb.csproj", "{6A6442F6-EE1C-4BA6-A0F7-48E7C341042F}"
EndProject
Project("{9A19103F-16F7-4668-BE54-9A1E7A4F7556}") = "UnsubJob", "UnsubJob\UnsubJob.csproj", "{57D15937-BF11-4F6E-ADA7-7E14664D2E89}"
EndProject
Project("{9A19103F-16F7-4668-BE54-9A1E7A4F7556}") = "UnsubLib", "UnsubLib\UnsubLib.csproj", "{5C7A70D7-B91B-473E-BE60-E87D070D925E}"
EndProject
Project("{9A19103F-16F7-4668-BE54-9A1E7A4F7556}") = "QuickTester", "QuickTester\QuickTester.csproj", "{5F40CD8F-0AD4-4B00-B970-3EDBAC271A70}"
EndProject
Project("{9A19103F-16F7-4668-BE54-9A1E7A4F7556}") = "GenericDataService", "GenericDataService\GenericDataService.csproj", "{C649C21A-9537-46B8-B74C-43E6C7BC00DE}"
EndProject
Project("{9A19103F-16F7-4668-BE54-9A1E7A4F7556}") = "GenericWindowsService", "GenericWindowsService\GenericWindowsService.csproj", "{9909896A-7A5F-4E49-B42F-84F227A94678}"
EndProject
Project("{9A19103F-16F7-4668-BE54-9A1E7A4F7556}") = "SimpleImportExport", "SimpleImportExport\SimpleImportExport.csproj", "{FB9BB359-EE6A-4D13-A626-A3EFF1D042A7}"
EndProject
Project("{2150E333-8FDC-42A3-9474-1A3956D46DE8}") = "ImportExport", "ImportExport", "{A35D41AD-13B4-43B3-B39F-D06F1E3F6EB1}"
EndProject
Project("{2150E333-8FDC-42A3-9474-1A3956D46DE8}") = "Unsub", "Unsub", "{EC29CE5F-0F0B-412C-A772-FA90AF7FFC27}"
EndProject
Project("{2150E333-8FDC-42A3-9474-1A3956D46DE8}") = "Framework", "Framework", "{FB853D06-E58C-4C48-B507-7EA2A41BB9F8}"
EndProject
Project("{2150E333-8FDC-42A3-9474-1A3956D46DE8}") = "GenericServiceLibs", "GenericServiceLibs", "{62C1BDD4-C651-4341-884A-948D5922D737}"
EndProject
Project("{9A19103F-16F7-4668-BE54-9A1E7A4F7556}") = "SignalApiLib", "SignalApiLib\SignalApiLib.csproj", "{EE7CFB06-96DE-4E65-9C61-DFE4E7B97FC0}"
EndProject
Project("{9A19103F-16F7-4668-BE54-9A1E7A4F7556}") = "Utility.OpgAuth", "Utility.OpgAuth\Utility.OpgAuth.csproj", "{63F6BEFC-59F5-4F54-BE34-37B32AC9C1AD}"
EndProject
Project("{9A19103F-16F7-4668-BE54-9A1E7A4F7556}") = "QueueProcessorLib", "QueueProcessorLib\QueueProcessorLib.csproj", "{0559F8C5-7837-4E0A-AD28-422E1E563943}"
EndProject
Project("{9A19103F-16F7-4668-BE54-9A1E7A4F7556}") = "GenericApi", "GenericApi\GenericApi.csproj", "{B38A6485-A949-4ED2-BC13-55D5336BBAE6}"
EndProject
Project("{9A19103F-16F7-4668-BE54-9A1E7A4F7556}") = "EdwRollupLib", "EdwRollupLib\EdwRollupLib.csproj", "{38450D18-BE9D-4EE1-A315-696CE5E2BFA4}"
EndProject
Project("{9A19103F-16F7-4668-BE54-9A1E7A4F7556}") = "GenericDaemonLib", "GenericDaemonLib\GenericDaemonLib.csproj", "{F9A1F19B-2A8F-4798-9C80-CF516F50AAF9}"
EndProject
Global
	GlobalSection(SolutionConfigurationPlatforms) = preSolution
		Debug|Any CPU = Debug|Any CPU
		Development|Any CPU = Development|Any CPU
		Release|Any CPU = Release|Any CPU
	EndGlobalSection
	GlobalSection(ProjectConfigurationPlatforms) = postSolution
		{FAB3FBA3-AB13-4953-B3C4-A7D9519E149E}.Debug|Any CPU.ActiveCfg = Debug|Any CPU
		{FAB3FBA3-AB13-4953-B3C4-A7D9519E149E}.Debug|Any CPU.Build.0 = Debug|Any CPU
		{FAB3FBA3-AB13-4953-B3C4-A7D9519E149E}.Development|Any CPU.ActiveCfg = Debug|Any CPU
		{FAB3FBA3-AB13-4953-B3C4-A7D9519E149E}.Development|Any CPU.Build.0 = Debug|Any CPU
		{FAB3FBA3-AB13-4953-B3C4-A7D9519E149E}.Release|Any CPU.ActiveCfg = Release|Any CPU
		{FAB3FBA3-AB13-4953-B3C4-A7D9519E149E}.Release|Any CPU.Build.0 = Release|Any CPU
		{6A6442F6-EE1C-4BA6-A0F7-48E7C341042F}.Debug|Any CPU.ActiveCfg = Debug|Any CPU
		{6A6442F6-EE1C-4BA6-A0F7-48E7C341042F}.Debug|Any CPU.Build.0 = Debug|Any CPU
		{6A6442F6-EE1C-4BA6-A0F7-48E7C341042F}.Development|Any CPU.ActiveCfg = Debug|Any CPU
		{6A6442F6-EE1C-4BA6-A0F7-48E7C341042F}.Development|Any CPU.Build.0 = Debug|Any CPU
		{6A6442F6-EE1C-4BA6-A0F7-48E7C341042F}.Release|Any CPU.ActiveCfg = Release|Any CPU
		{6A6442F6-EE1C-4BA6-A0F7-48E7C341042F}.Release|Any CPU.Build.0 = Release|Any CPU
		{57D15937-BF11-4F6E-ADA7-7E14664D2E89}.Debug|Any CPU.ActiveCfg = Debug|Any CPU
		{57D15937-BF11-4F6E-ADA7-7E14664D2E89}.Debug|Any CPU.Build.0 = Debug|Any CPU
		{57D15937-BF11-4F6E-ADA7-7E14664D2E89}.Development|Any CPU.ActiveCfg = Debug|Any CPU
		{57D15937-BF11-4F6E-ADA7-7E14664D2E89}.Development|Any CPU.Build.0 = Debug|Any CPU
		{57D15937-BF11-4F6E-ADA7-7E14664D2E89}.Release|Any CPU.ActiveCfg = Release|Any CPU
		{57D15937-BF11-4F6E-ADA7-7E14664D2E89}.Release|Any CPU.Build.0 = Release|Any CPU
		{5C7A70D7-B91B-473E-BE60-E87D070D925E}.Debug|Any CPU.ActiveCfg = Debug|Any CPU
		{5C7A70D7-B91B-473E-BE60-E87D070D925E}.Debug|Any CPU.Build.0 = Debug|Any CPU
		{5C7A70D7-B91B-473E-BE60-E87D070D925E}.Development|Any CPU.ActiveCfg = Debug|Any CPU
		{5C7A70D7-B91B-473E-BE60-E87D070D925E}.Development|Any CPU.Build.0 = Debug|Any CPU
		{5C7A70D7-B91B-473E-BE60-E87D070D925E}.Release|Any CPU.ActiveCfg = Release|Any CPU
		{5C7A70D7-B91B-473E-BE60-E87D070D925E}.Release|Any CPU.Build.0 = Release|Any CPU
		{5F40CD8F-0AD4-4B00-B970-3EDBAC271A70}.Debug|Any CPU.ActiveCfg = Debug|Any CPU
		{5F40CD8F-0AD4-4B00-B970-3EDBAC271A70}.Debug|Any CPU.Build.0 = Debug|Any CPU
		{5F40CD8F-0AD4-4B00-B970-3EDBAC271A70}.Development|Any CPU.ActiveCfg = Debug|Any CPU
		{5F40CD8F-0AD4-4B00-B970-3EDBAC271A70}.Development|Any CPU.Build.0 = Debug|Any CPU
		{5F40CD8F-0AD4-4B00-B970-3EDBAC271A70}.Release|Any CPU.ActiveCfg = Release|Any CPU
		{5F40CD8F-0AD4-4B00-B970-3EDBAC271A70}.Release|Any CPU.Build.0 = Release|Any CPU
		{C649C21A-9537-46B8-B74C-43E6C7BC00DE}.Debug|Any CPU.ActiveCfg = Debug|Any CPU
		{C649C21A-9537-46B8-B74C-43E6C7BC00DE}.Debug|Any CPU.Build.0 = Debug|Any CPU
		{C649C21A-9537-46B8-B74C-43E6C7BC00DE}.Development|Any CPU.ActiveCfg = Debug|Any CPU
		{C649C21A-9537-46B8-B74C-43E6C7BC00DE}.Development|Any CPU.Build.0 = Debug|Any CPU
		{C649C21A-9537-46B8-B74C-43E6C7BC00DE}.Release|Any CPU.ActiveCfg = Release|Any CPU
		{C649C21A-9537-46B8-B74C-43E6C7BC00DE}.Release|Any CPU.Build.0 = Release|Any CPU
		{9909896A-7A5F-4E49-B42F-84F227A94678}.Debug|Any CPU.ActiveCfg = Debug|Any CPU
		{9909896A-7A5F-4E49-B42F-84F227A94678}.Debug|Any CPU.Build.0 = Debug|Any CPU
		{9909896A-7A5F-4E49-B42F-84F227A94678}.Development|Any CPU.ActiveCfg = Debug|Any CPU
		{9909896A-7A5F-4E49-B42F-84F227A94678}.Development|Any CPU.Build.0 = Debug|Any CPU
		{9909896A-7A5F-4E49-B42F-84F227A94678}.Release|Any CPU.ActiveCfg = Release|Any CPU
		{9909896A-7A5F-4E49-B42F-84F227A94678}.Release|Any CPU.Build.0 = Release|Any CPU
		{FB9BB359-EE6A-4D13-A626-A3EFF1D042A7}.Debug|Any CPU.ActiveCfg = Debug|Any CPU
		{FB9BB359-EE6A-4D13-A626-A3EFF1D042A7}.Debug|Any CPU.Build.0 = Debug|Any CPU
		{FB9BB359-EE6A-4D13-A626-A3EFF1D042A7}.Development|Any CPU.ActiveCfg = Debug|Any CPU
		{FB9BB359-EE6A-4D13-A626-A3EFF1D042A7}.Development|Any CPU.Build.0 = Debug|Any CPU
		{FB9BB359-EE6A-4D13-A626-A3EFF1D042A7}.Release|Any CPU.ActiveCfg = Release|Any CPU
		{FB9BB359-EE6A-4D13-A626-A3EFF1D042A7}.Release|Any CPU.Build.0 = Release|Any CPU
		{EE7CFB06-96DE-4E65-9C61-DFE4E7B97FC0}.Debug|Any CPU.ActiveCfg = Debug|Any CPU
		{EE7CFB06-96DE-4E65-9C61-DFE4E7B97FC0}.Debug|Any CPU.Build.0 = Debug|Any CPU
		{EE7CFB06-96DE-4E65-9C61-DFE4E7B97FC0}.Development|Any CPU.ActiveCfg = Debug|Any CPU
		{EE7CFB06-96DE-4E65-9C61-DFE4E7B97FC0}.Development|Any CPU.Build.0 = Debug|Any CPU
		{EE7CFB06-96DE-4E65-9C61-DFE4E7B97FC0}.Release|Any CPU.ActiveCfg = Release|Any CPU
		{EE7CFB06-96DE-4E65-9C61-DFE4E7B97FC0}.Release|Any CPU.Build.0 = Release|Any CPU
		{63F6BEFC-59F5-4F54-BE34-37B32AC9C1AD}.Debug|Any CPU.ActiveCfg = Debug|Any CPU
		{63F6BEFC-59F5-4F54-BE34-37B32AC9C1AD}.Debug|Any CPU.Build.0 = Debug|Any CPU
		{63F6BEFC-59F5-4F54-BE34-37B32AC9C1AD}.Development|Any CPU.ActiveCfg = Debug|Any CPU
		{63F6BEFC-59F5-4F54-BE34-37B32AC9C1AD}.Development|Any CPU.Build.0 = Debug|Any CPU
		{63F6BEFC-59F5-4F54-BE34-37B32AC9C1AD}.Release|Any CPU.ActiveCfg = Release|Any CPU
		{63F6BEFC-59F5-4F54-BE34-37B32AC9C1AD}.Release|Any CPU.Build.0 = Release|Any CPU
		{0559F8C5-7837-4E0A-AD28-422E1E563943}.Debug|Any CPU.ActiveCfg = Debug|Any CPU
		{0559F8C5-7837-4E0A-AD28-422E1E563943}.Debug|Any CPU.Build.0 = Debug|Any CPU
		{0559F8C5-7837-4E0A-AD28-422E1E563943}.Development|Any CPU.ActiveCfg = Debug|Any CPU
		{0559F8C5-7837-4E0A-AD28-422E1E563943}.Development|Any CPU.Build.0 = Debug|Any CPU
		{0559F8C5-7837-4E0A-AD28-422E1E563943}.Release|Any CPU.ActiveCfg = Release|Any CPU
		{0559F8C5-7837-4E0A-AD28-422E1E563943}.Release|Any CPU.Build.0 = Release|Any CPU
		{B38A6485-A949-4ED2-BC13-55D5336BBAE6}.Debug|Any CPU.ActiveCfg = Debug|Any CPU
		{B38A6485-A949-4ED2-BC13-55D5336BBAE6}.Debug|Any CPU.Build.0 = Debug|Any CPU
		{B38A6485-A949-4ED2-BC13-55D5336BBAE6}.Development|Any CPU.ActiveCfg = Debug|Any CPU
		{B38A6485-A949-4ED2-BC13-55D5336BBAE6}.Development|Any CPU.Build.0 = Debug|Any CPU
		{B38A6485-A949-4ED2-BC13-55D5336BBAE6}.Release|Any CPU.ActiveCfg = Release|Any CPU
		{B38A6485-A949-4ED2-BC13-55D5336BBAE6}.Release|Any CPU.Build.0 = Release|Any CPU
		{38450D18-BE9D-4EE1-A315-696CE5E2BFA4}.Debug|Any CPU.ActiveCfg = Debug|Any CPU
		{38450D18-BE9D-4EE1-A315-696CE5E2BFA4}.Debug|Any CPU.Build.0 = Debug|Any CPU
		{38450D18-BE9D-4EE1-A315-696CE5E2BFA4}.Development|Any CPU.ActiveCfg = Debug|Any CPU
		{38450D18-BE9D-4EE1-A315-696CE5E2BFA4}.Development|Any CPU.Build.0 = Debug|Any CPU
		{38450D18-BE9D-4EE1-A315-696CE5E2BFA4}.Release|Any CPU.ActiveCfg = Release|Any CPU
		{38450D18-BE9D-4EE1-A315-696CE5E2BFA4}.Release|Any CPU.Build.0 = Release|Any CPU
		{F9A1F19B-2A8F-4798-9C80-CF516F50AAF9}.Debug|Any CPU.ActiveCfg = Debug|Any CPU
		{F9A1F19B-2A8F-4798-9C80-CF516F50AAF9}.Debug|Any CPU.Build.0 = Debug|Any CPU
		{F9A1F19B-2A8F-4798-9C80-CF516F50AAF9}.Development|Any CPU.ActiveCfg = Debug|Any CPU
		{F9A1F19B-2A8F-4798-9C80-CF516F50AAF9}.Development|Any CPU.Build.0 = Debug|Any CPU
		{F9A1F19B-2A8F-4798-9C80-CF516F50AAF9}.Release|Any CPU.ActiveCfg = Release|Any CPU
		{F9A1F19B-2A8F-4798-9C80-CF516F50AAF9}.Release|Any CPU.Build.0 = Release|Any CPU
	EndGlobalSection
	GlobalSection(SolutionProperties) = preSolution
		HideSolutionNode = FALSE
	EndGlobalSection
	GlobalSection(NestedProjects) = preSolution
		{FAB3FBA3-AB13-4953-B3C4-A7D9519E149E} = {FB853D06-E58C-4C48-B507-7EA2A41BB9F8}
		{6A6442F6-EE1C-4BA6-A0F7-48E7C341042F} = {EC29CE5F-0F0B-412C-A772-FA90AF7FFC27}
		{57D15937-BF11-4F6E-ADA7-7E14664D2E89} = {EC29CE5F-0F0B-412C-A772-FA90AF7FFC27}
		{5C7A70D7-B91B-473E-BE60-E87D070D925E} = {EC29CE5F-0F0B-412C-A772-FA90AF7FFC27}
		{C649C21A-9537-46B8-B74C-43E6C7BC00DE} = {FB853D06-E58C-4C48-B507-7EA2A41BB9F8}
		{9909896A-7A5F-4E49-B42F-84F227A94678} = {FB853D06-E58C-4C48-B507-7EA2A41BB9F8}
		{FB9BB359-EE6A-4D13-A626-A3EFF1D042A7} = {A35D41AD-13B4-43B3-B39F-D06F1E3F6EB1}
		{EE7CFB06-96DE-4E65-9C61-DFE4E7B97FC0} = {A35D41AD-13B4-43B3-B39F-D06F1E3F6EB1}
		{63F6BEFC-59F5-4F54-BE34-37B32AC9C1AD} = {FB853D06-E58C-4C48-B507-7EA2A41BB9F8}
		{0559F8C5-7837-4E0A-AD28-422E1E563943} = {62C1BDD4-C651-4341-884A-948D5922D737}
		{B38A6485-A949-4ED2-BC13-55D5336BBAE6} = {FB853D06-E58C-4C48-B507-7EA2A41BB9F8}
		{38450D18-BE9D-4EE1-A315-696CE5E2BFA4} = {62C1BDD4-C651-4341-884A-948D5922D737}
		{F9A1F19B-2A8F-4798-9C80-CF516F50AAF9} = {62C1BDD4-C651-4341-884A-948D5922D737}
	EndGlobalSection
	GlobalSection(ExtensibilityGlobals) = postSolution
		VisualSVNWorkingCopyRoot = .
		SolutionGuid = {69E8167B-7D44-4C05-A2A6-F4AA6F413B33}
	EndGlobalSection
EndGlobal
