
Microsoft Visual Studio Solution File, Format Version 12.00
# Visual Studio 15
VisualStudioVersion = 15.0.27004.2002
MinimumVisualStudioVersion = 10.0.40219.1
Project("{FAE04EC0-301F-11D3-BF4B-00C04F79EFBC}") = "SqlRegularExpressions", "SqlRegularExpressions\SqlRegularExpressions.csproj", "{3B4842DC-B8F0-4508-8837-6DC4BE76256C}"
EndProject
Project("{FAE04EC0-301F-11D3-BF4B-00C04F79EFBC}") = "CakeIntegration", "CakeIntegration\CakeIntegration.csproj", "{74871A6E-9DE6-4588-8504-0A3C393FDDA5}"
EndProject
Project("{FAE04EC0-301F-11D3-BF4B-00C04F79EFBC}") = "IpJobs", "IpJobs\IpJobs.csproj", "{7E50F1D6-9F92-47BB-B987-2C4005C26521}"
EndProject
Project("{9A19103F-16F7-4668-BE54-9A1E7A4F7556}") = "Utility", "Utility\Utility.csproj", "{FAB3FBA3-AB13-4953-B3C4-A7D9519E149E}"
EndProject
Project("{9A19103F-16F7-4668-BE54-9A1E7A4F7556}") = "UnsubClientWeb", "UnsubClientWeb\UnsubClientWeb.csproj", "{6A6442F6-EE1C-4BA6-A0F7-48E7C341042F}"
EndProject
Project("{9A19103F-16F7-4668-BE54-9A1E7A4F7556}") = "UnsubJob", "UnsubJob\UnsubJob.csproj", "{57D15937-BF11-4F6E-ADA7-7E14664D2E89}"
EndProject
Project("{9A19103F-16F7-4668-BE54-9A1E7A4F7556}") = "UnsubLib", "UnsubLib\UnsubLib.csproj", "{5C7A70D7-B91B-473E-BE60-E87D070D925E}"
EndProject
Project("{9A19103F-16F7-4668-BE54-9A1E7A4F7556}") = "UnsubServerWeb", "UnsubServerWeb\UnsubServerWeb.csproj", "{D741AB00-E0C7-4CC7-828C-6480E3FAEF9C}"
EndProject
Project("{9A19103F-16F7-4668-BE54-9A1E7A4F7556}") = "XmlTokenizer", "XmlTokenizer\XmlTokenizer.csproj", "{7C8126F1-CBF4-45D2-838E-86943CBB7063}"
EndProject
Project("{9A19103F-16F7-4668-BE54-9A1E7A4F7556}") = "SsisWrapper", "SsisWrapper\SsisWrapper.csproj", "{CC0D9611-69CC-4F52-A7C9-90E562E73BE3}"
EndProject
Project("{9A19103F-16F7-4668-BE54-9A1E7A4F7556}") = "SeleniumSandbox", "SeleniumSandbox\SeleniumSandbox.csproj", "{A6844695-9E6A-45BB-A6B4-4BA74856A2BA}"
EndProject
Project("{9A19103F-16F7-4668-BE54-9A1E7A4F7556}") = "RoslynArticleTester", "RoslynArticleTester\RoslynArticleTester.csproj", "{E521BB46-BB03-467F-B5B5-B102EF2C3E1A}"
EndProject
Project("{9A19103F-16F7-4668-BE54-9A1E7A4F7556}") = "ReadPixel", "ReadPIxel\ReadPixel.csproj", "{C80BF08A-2472-47BF-BFCB-8515E1B60EA8}"
EndProject
Project("{9A19103F-16F7-4668-BE54-9A1E7A4F7556}") = "CountdownGenerator", "CountdownGenerator\CountdownGenerator.csproj", "{E621A07E-2C9C-4897-9EAC-41397D52F0BE}"
EndProject
Project("{2150E333-8FDC-42A3-9474-1A3956D46DE8}") = "Seeder", "Seeder", "{5B0E3B8A-B8FE-4948-B66C-C67325A5245B}"
EndProject
Project("{FAE04EC0-301F-11D3-BF4B-00C04F79EFBC}") = "BusinessLogic", "BusinessLogic\BusinessLogic.csproj", "{6FFCB24A-1061-4A9A-8DFC-0B77F4CCF801}"
EndProject
Project("{FAE04EC0-301F-11D3-BF4B-00C04F79EFBC}") = "MailApplication", "MailApplication\MailApplication.csproj", "{7935BDDF-B0AA-451B-B0AB-661B9C39CD5C}"
EndProject
Project("{FAE04EC0-301F-11D3-BF4B-00C04F79EFBC}") = "MailProcess", "MailProcess\MailProcess.csproj", "{3B3F53E2-4782-4BA8-A925-39CC92507919}"
EndProject
Project("{9A19103F-16F7-4668-BE54-9A1E7A4F7556}") = "UnsubJobServer", "UnsubJobServer\UnsubJobServer.csproj", "{446F5D06-397C-48EF-B666-9E2B4CFE28AC}"
EndProject
Project("{9A19103F-16F7-4668-BE54-9A1E7A4F7556}") = "GetGotLib", "GetGotLib\GetGotLib.csproj", "{A92A37C0-BC59-4520-9A8D-8AA8FEA5F1BE}"
EndProject
Project("{9A19103F-16F7-4668-BE54-9A1E7A4F7556}") = "GetGotWeb", "GetGotWeb\GetGotWeb.csproj", "{3A30973C-9B81-43C4-B087-2CEE7AC088CB}"
EndProject
Project("{9A19103F-16F7-4668-BE54-9A1E7A4F7556}") = "GetGotRetailerWeb", "GetGotRetailerWeb\GetGotRetailerWeb.csproj", "{AFB65AF2-2802-4A5A-9BD7-F6F4DF48C4CB}"
EndProject
Project("{9A19103F-16F7-4668-BE54-9A1E7A4F7556}") = "GetGotRetailerService", "GetGotRetailerService\GetGotRetailerService.csproj", "{E2C2E06B-36C0-4837-AA1A-9A201C865B52}"
EndProject
Project("{9A19103F-16F7-4668-BE54-9A1E7A4F7556}") = "QuickTester", "QuickTester\QuickTester.csproj", "{5F40CD8F-0AD4-4B00-B970-3EDBAC271A70}"
EndProject
Project("{9A19103F-16F7-4668-BE54-9A1E7A4F7556}") = "GenericDataService", "GenericDataService\GenericDataService.csproj", "{C649C21A-9537-46B8-B74C-43E6C7BC00DE}"
EndProject
Project("{9A19103F-16F7-4668-BE54-9A1E7A4F7556}") = "VisitorIdLib", "VisitorIdLib\VisitorIdLib.csproj", "{CA859508-F6E6-489C-A9BF-F0B4CA60CAD7}"
EndProject
Project("{9A19103F-16F7-4668-BE54-9A1E7A4F7556}") = "OnPointConsoleLib", "OnPointConsoleLib\OnPointConsoleLib.csproj", "{636672AE-B165-422A-8917-0F7B55B253CA}"
EndProject
Project("{9A19103F-16F7-4668-BE54-9A1E7A4F7556}") = "GenericWindowsService", "GenericWindowsService\GenericWindowsService.csproj", "{9909896A-7A5F-4E49-B42F-84F227A94678}"
EndProject
Project("{9A19103F-16F7-4668-BE54-9A1E7A4F7556}") = "SimpleImportExport", "SimpleImportExport\SimpleImportExport.csproj", "{FB9BB359-EE6A-4D13-A626-A3EFF1D042A7}"
EndProject
Project("{2150E333-8FDC-42A3-9474-1A3956D46DE8}") = "ImportExport", "ImportExport", "{A35D41AD-13B4-43B3-B39F-D06F1E3F6EB1}"
EndProject
Project("{2150E333-8FDC-42A3-9474-1A3956D46DE8}") = "Unsub", "Unsub", "{EC29CE5F-0F0B-412C-A772-FA90AF7FFC27}"
EndProject
Project("{2150E333-8FDC-42A3-9474-1A3956D46DE8}") = "Framework", "Framework", "{FB853D06-E58C-4C48-B507-7EA2A41BB9F8}"
EndProject
Project("{2150E333-8FDC-42A3-9474-1A3956D46DE8}") = "GetGot", "GetGot", "{A819B191-9B31-4A1E-BDA9-25AD9E226AEC}"
EndProject
Project("{2150E333-8FDC-42A3-9474-1A3956D46DE8}") = "GenericServiceLibs", "GenericServiceLibs", "{62C1BDD4-C651-4341-884A-948D5922D737}"
EndProject
Project("{9A19103F-16F7-4668-BE54-9A1E7A4F7556}") = "SystemHealthChecks", "SystemHealthChecks\SystemHealthChecks.csproj", "{34694A20-ADB7-4839-A4F5-1D994632A7FA}"
EndProject
Project("{9A19103F-16F7-4668-BE54-9A1E7A4F7556}") = "ErrorSiloAlerts", "ErrorSiloAlerts\ErrorSiloAlerts.csproj", "{831448C5-FCE2-46D4-96D5-1B08C74F5D66}"
EndProject
Project("{9A19103F-16F7-4668-BE54-9A1E7A4F7556}") = "TraverseDataLib", "TraverseDataLib\TraverseDataLib.csproj", "{60ED57C5-A626-4BB4-9077-181AF9DAA87E}"
EndProject
Project("{2150E333-8FDC-42A3-9474-1A3956D46DE8}") = "Infrastructure", "Infrastructure", "{0947F777-FC11-4FD5-99C8-643EDAEAFDB4}"
EndProject
Project("{9A19103F-16F7-4668-BE54-9A1E7A4F7556}") = "Utility.Selenium", "Utility.Selenium\Utility.Selenium.csproj", "{7353EB06-1E14-4424-9D7F-1B230A02E777}"
EndProject
Project("{9A19103F-16F7-4668-BE54-9A1E7A4F7556}") = "FluentApiLib", "FluentApiLib\FluentApiLib.csproj", "{EE7CFB06-96DE-4E65-9C61-DFE4E7B97FC0}"
EndProject
Project("{9A19103F-16F7-4668-BE54-9A1E7A4F7556}") = "AwsKinesisConsumerDataLib", "AwsKinesisConsumerDataLib\AwsKinesisConsumerDataLib.csproj", "{950FAC9E-B1D6-4CDD-8411-18F4E49A3933}"
EndProject
Project("{9A19103F-16F7-4668-BE54-9A1E7A4F7556}") = "Channel.Admin.Dashboard", "ChannelAdminDashboard\Channel.Admin.Dashboard.csproj", "{5E9C0C6A-334B-4723-AD7E-E9F30AE29229}"
EndProject
Global
	GlobalSection(SolutionConfigurationPlatforms) = preSolution
		Debug|Any CPU = Debug|Any CPU
		Development|Any CPU = Development|Any CPU
		Release|Any CPU = Release|Any CPU
	EndGlobalSection
	GlobalSection(ProjectConfigurationPlatforms) = postSolution
		{3B4842DC-B8F0-4508-8837-6DC4BE76256C}.Debug|Any CPU.ActiveCfg = Debug|Any CPU
		{3B4842DC-B8F0-4508-8837-6DC4BE76256C}.Debug|Any CPU.Build.0 = Debug|Any CPU
		{3B4842DC-B8F0-4508-8837-6DC4BE76256C}.Development|Any CPU.ActiveCfg = Debug|Any CPU
		{3B4842DC-B8F0-4508-8837-6DC4BE76256C}.Development|Any CPU.Build.0 = Debug|Any CPU
		{3B4842DC-B8F0-4508-8837-6DC4BE76256C}.Release|Any CPU.ActiveCfg = Release|Any CPU
		{3B4842DC-B8F0-4508-8837-6DC4BE76256C}.Release|Any CPU.Build.0 = Release|Any CPU
		{74871A6E-9DE6-4588-8504-0A3C393FDDA5}.Debug|Any CPU.ActiveCfg = Debug|Any CPU
		{74871A6E-9DE6-4588-8504-0A3C393FDDA5}.Debug|Any CPU.Build.0 = Debug|Any CPU
		{74871A6E-9DE6-4588-8504-0A3C393FDDA5}.Development|Any CPU.ActiveCfg = Debug|Any CPU
		{74871A6E-9DE6-4588-8504-0A3C393FDDA5}.Development|Any CPU.Build.0 = Debug|Any CPU
		{74871A6E-9DE6-4588-8504-0A3C393FDDA5}.Release|Any CPU.ActiveCfg = Release|Any CPU
		{74871A6E-9DE6-4588-8504-0A3C393FDDA5}.Release|Any CPU.Build.0 = Release|Any CPU
		{7E50F1D6-9F92-47BB-B987-2C4005C26521}.Debug|Any CPU.ActiveCfg = Debug|Any CPU
		{7E50F1D6-9F92-47BB-B987-2C4005C26521}.Debug|Any CPU.Build.0 = Debug|Any CPU
		{7E50F1D6-9F92-47BB-B987-2C4005C26521}.Development|Any CPU.ActiveCfg = Debug|Any CPU
		{7E50F1D6-9F92-47BB-B987-2C4005C26521}.Development|Any CPU.Build.0 = Debug|Any CPU
		{7E50F1D6-9F92-47BB-B987-2C4005C26521}.Release|Any CPU.ActiveCfg = Release|Any CPU
		{7E50F1D6-9F92-47BB-B987-2C4005C26521}.Release|Any CPU.Build.0 = Release|Any CPU
		{FAB3FBA3-AB13-4953-B3C4-A7D9519E149E}.Debug|Any CPU.ActiveCfg = Debug|Any CPU
		{FAB3FBA3-AB13-4953-B3C4-A7D9519E149E}.Debug|Any CPU.Build.0 = Debug|Any CPU
		{FAB3FBA3-AB13-4953-B3C4-A7D9519E149E}.Development|Any CPU.ActiveCfg = Debug|Any CPU
		{FAB3FBA3-AB13-4953-B3C4-A7D9519E149E}.Development|Any CPU.Build.0 = Debug|Any CPU
		{FAB3FBA3-AB13-4953-B3C4-A7D9519E149E}.Release|Any CPU.ActiveCfg = Release|Any CPU
		{FAB3FBA3-AB13-4953-B3C4-A7D9519E149E}.Release|Any CPU.Build.0 = Release|Any CPU
		{6A6442F6-EE1C-4BA6-A0F7-48E7C341042F}.Debug|Any CPU.ActiveCfg = Debug|Any CPU
		{6A6442F6-EE1C-4BA6-A0F7-48E7C341042F}.Debug|Any CPU.Build.0 = Debug|Any CPU
		{6A6442F6-EE1C-4BA6-A0F7-48E7C341042F}.Development|Any CPU.ActiveCfg = Debug|Any CPU
		{6A6442F6-EE1C-4BA6-A0F7-48E7C341042F}.Development|Any CPU.Build.0 = Debug|Any CPU
		{6A6442F6-EE1C-4BA6-A0F7-48E7C341042F}.Release|Any CPU.ActiveCfg = Release|Any CPU
		{6A6442F6-EE1C-4BA6-A0F7-48E7C341042F}.Release|Any CPU.Build.0 = Release|Any CPU
		{57D15937-BF11-4F6E-ADA7-7E14664D2E89}.Debug|Any CPU.ActiveCfg = Debug|Any CPU
		{57D15937-BF11-4F6E-ADA7-7E14664D2E89}.Debug|Any CPU.Build.0 = Debug|Any CPU
		{57D15937-BF11-4F6E-ADA7-7E14664D2E89}.Development|Any CPU.ActiveCfg = Debug|Any CPU
		{57D15937-BF11-4F6E-ADA7-7E14664D2E89}.Development|Any CPU.Build.0 = Debug|Any CPU
		{57D15937-BF11-4F6E-ADA7-7E14664D2E89}.Release|Any CPU.ActiveCfg = Release|Any CPU
		{57D15937-BF11-4F6E-ADA7-7E14664D2E89}.Release|Any CPU.Build.0 = Release|Any CPU
		{5C7A70D7-B91B-473E-BE60-E87D070D925E}.Debug|Any CPU.ActiveCfg = Debug|Any CPU
		{5C7A70D7-B91B-473E-BE60-E87D070D925E}.Debug|Any CPU.Build.0 = Debug|Any CPU
		{5C7A70D7-B91B-473E-BE60-E87D070D925E}.Development|Any CPU.ActiveCfg = Debug|Any CPU
		{5C7A70D7-B91B-473E-BE60-E87D070D925E}.Development|Any CPU.Build.0 = Debug|Any CPU
		{5C7A70D7-B91B-473E-BE60-E87D070D925E}.Release|Any CPU.ActiveCfg = Release|Any CPU
		{5C7A70D7-B91B-473E-BE60-E87D070D925E}.Release|Any CPU.Build.0 = Release|Any CPU
		{D741AB00-E0C7-4CC7-828C-6480E3FAEF9C}.Debug|Any CPU.ActiveCfg = Debug|Any CPU
		{D741AB00-E0C7-4CC7-828C-6480E3FAEF9C}.Debug|Any CPU.Build.0 = Debug|Any CPU
		{D741AB00-E0C7-4CC7-828C-6480E3FAEF9C}.Development|Any CPU.ActiveCfg = Debug|Any CPU
		{D741AB00-E0C7-4CC7-828C-6480E3FAEF9C}.Development|Any CPU.Build.0 = Debug|Any CPU
		{D741AB00-E0C7-4CC7-828C-6480E3FAEF9C}.Release|Any CPU.ActiveCfg = Release|Any CPU
		{D741AB00-E0C7-4CC7-828C-6480E3FAEF9C}.Release|Any CPU.Build.0 = Release|Any CPU
		{7C8126F1-CBF4-45D2-838E-86943CBB7063}.Debug|Any CPU.ActiveCfg = Debug|Any CPU
		{7C8126F1-CBF4-45D2-838E-86943CBB7063}.Debug|Any CPU.Build.0 = Debug|Any CPU
		{7C8126F1-CBF4-45D2-838E-86943CBB7063}.Development|Any CPU.ActiveCfg = Debug|Any CPU
		{7C8126F1-CBF4-45D2-838E-86943CBB7063}.Development|Any CPU.Build.0 = Debug|Any CPU
		{7C8126F1-CBF4-45D2-838E-86943CBB7063}.Release|Any CPU.ActiveCfg = Release|Any CPU
		{7C8126F1-CBF4-45D2-838E-86943CBB7063}.Release|Any CPU.Build.0 = Release|Any CPU
		{CC0D9611-69CC-4F52-A7C9-90E562E73BE3}.Debug|Any CPU.ActiveCfg = Debug|Any CPU
		{CC0D9611-69CC-4F52-A7C9-90E562E73BE3}.Debug|Any CPU.Build.0 = Debug|Any CPU
		{CC0D9611-69CC-4F52-A7C9-90E562E73BE3}.Development|Any CPU.ActiveCfg = Debug|Any CPU
		{CC0D9611-69CC-4F52-A7C9-90E562E73BE3}.Development|Any CPU.Build.0 = Debug|Any CPU
		{CC0D9611-69CC-4F52-A7C9-90E562E73BE3}.Release|Any CPU.ActiveCfg = Release|Any CPU
		{CC0D9611-69CC-4F52-A7C9-90E562E73BE3}.Release|Any CPU.Build.0 = Release|Any CPU
		{A6844695-9E6A-45BB-A6B4-4BA74856A2BA}.Debug|Any CPU.ActiveCfg = Debug|Any CPU
		{A6844695-9E6A-45BB-A6B4-4BA74856A2BA}.Debug|Any CPU.Build.0 = Debug|Any CPU
		{A6844695-9E6A-45BB-A6B4-4BA74856A2BA}.Development|Any CPU.ActiveCfg = Debug|Any CPU
		{A6844695-9E6A-45BB-A6B4-4BA74856A2BA}.Development|Any CPU.Build.0 = Debug|Any CPU
		{A6844695-9E6A-45BB-A6B4-4BA74856A2BA}.Release|Any CPU.ActiveCfg = Release|Any CPU
		{A6844695-9E6A-45BB-A6B4-4BA74856A2BA}.Release|Any CPU.Build.0 = Release|Any CPU
		{E521BB46-BB03-467F-B5B5-B102EF2C3E1A}.Debug|Any CPU.ActiveCfg = Debug|Any CPU
		{E521BB46-BB03-467F-B5B5-B102EF2C3E1A}.Debug|Any CPU.Build.0 = Debug|Any CPU
		{E521BB46-BB03-467F-B5B5-B102EF2C3E1A}.Development|Any CPU.ActiveCfg = Debug|Any CPU
		{E521BB46-BB03-467F-B5B5-B102EF2C3E1A}.Development|Any CPU.Build.0 = Debug|Any CPU
		{E521BB46-BB03-467F-B5B5-B102EF2C3E1A}.Release|Any CPU.ActiveCfg = Release|Any CPU
		{E521BB46-BB03-467F-B5B5-B102EF2C3E1A}.Release|Any CPU.Build.0 = Release|Any CPU
		{C80BF08A-2472-47BF-BFCB-8515E1B60EA8}.Debug|Any CPU.ActiveCfg = Debug|Any CPU
		{C80BF08A-2472-47BF-BFCB-8515E1B60EA8}.Debug|Any CPU.Build.0 = Debug|Any CPU
		{C80BF08A-2472-47BF-BFCB-8515E1B60EA8}.Development|Any CPU.ActiveCfg = Debug|Any CPU
		{C80BF08A-2472-47BF-BFCB-8515E1B60EA8}.Development|Any CPU.Build.0 = Debug|Any CPU
		{C80BF08A-2472-47BF-BFCB-8515E1B60EA8}.Release|Any CPU.ActiveCfg = Release|Any CPU
		{C80BF08A-2472-47BF-BFCB-8515E1B60EA8}.Release|Any CPU.Build.0 = Release|Any CPU
		{E621A07E-2C9C-4897-9EAC-41397D52F0BE}.Debug|Any CPU.ActiveCfg = Debug|Any CPU
		{E621A07E-2C9C-4897-9EAC-41397D52F0BE}.Debug|Any CPU.Build.0 = Debug|Any CPU
		{E621A07E-2C9C-4897-9EAC-41397D52F0BE}.Development|Any CPU.ActiveCfg = Debug|Any CPU
		{E621A07E-2C9C-4897-9EAC-41397D52F0BE}.Development|Any CPU.Build.0 = Debug|Any CPU
		{E621A07E-2C9C-4897-9EAC-41397D52F0BE}.Release|Any CPU.ActiveCfg = Release|Any CPU
		{E621A07E-2C9C-4897-9EAC-41397D52F0BE}.Release|Any CPU.Build.0 = Release|Any CPU
		{6FFCB24A-1061-4A9A-8DFC-0B77F4CCF801}.Debug|Any CPU.ActiveCfg = Debug|Any CPU
		{6FFCB24A-1061-4A9A-8DFC-0B77F4CCF801}.Debug|Any CPU.Build.0 = Debug|Any CPU
		{6FFCB24A-1061-4A9A-8DFC-0B77F4CCF801}.Development|Any CPU.ActiveCfg = Debug|Any CPU
		{6FFCB24A-1061-4A9A-8DFC-0B77F4CCF801}.Development|Any CPU.Build.0 = Debug|Any CPU
		{6FFCB24A-1061-4A9A-8DFC-0B77F4CCF801}.Release|Any CPU.ActiveCfg = Release|Any CPU
		{6FFCB24A-1061-4A9A-8DFC-0B77F4CCF801}.Release|Any CPU.Build.0 = Release|Any CPU
		{7935BDDF-B0AA-451B-B0AB-661B9C39CD5C}.Debug|Any CPU.ActiveCfg = Debug|Any CPU
		{7935BDDF-B0AA-451B-B0AB-661B9C39CD5C}.Debug|Any CPU.Build.0 = Debug|Any CPU
		{7935BDDF-B0AA-451B-B0AB-661B9C39CD5C}.Development|Any CPU.ActiveCfg = Debug|Any CPU
		{7935BDDF-B0AA-451B-B0AB-661B9C39CD5C}.Development|Any CPU.Build.0 = Debug|Any CPU
		{7935BDDF-B0AA-451B-B0AB-661B9C39CD5C}.Release|Any CPU.ActiveCfg = Release|Any CPU
		{7935BDDF-B0AA-451B-B0AB-661B9C39CD5C}.Release|Any CPU.Build.0 = Release|Any CPU
		{3B3F53E2-4782-4BA8-A925-39CC92507919}.Debug|Any CPU.ActiveCfg = Debug|Any CPU
		{3B3F53E2-4782-4BA8-A925-39CC92507919}.Debug|Any CPU.Build.0 = Debug|Any CPU
		{3B3F53E2-4782-4BA8-A925-39CC92507919}.Development|Any CPU.ActiveCfg = Debug|Any CPU
		{3B3F53E2-4782-4BA8-A925-39CC92507919}.Development|Any CPU.Build.0 = Debug|Any CPU
		{3B3F53E2-4782-4BA8-A925-39CC92507919}.Release|Any CPU.ActiveCfg = Release|Any CPU
		{3B3F53E2-4782-4BA8-A925-39CC92507919}.Release|Any CPU.Build.0 = Release|Any CPU
		{446F5D06-397C-48EF-B666-9E2B4CFE28AC}.Debug|Any CPU.ActiveCfg = Debug|Any CPU
		{446F5D06-397C-48EF-B666-9E2B4CFE28AC}.Debug|Any CPU.Build.0 = Debug|Any CPU
		{446F5D06-397C-48EF-B666-9E2B4CFE28AC}.Development|Any CPU.ActiveCfg = Debug|Any CPU
		{446F5D06-397C-48EF-B666-9E2B4CFE28AC}.Development|Any CPU.Build.0 = Debug|Any CPU
		{446F5D06-397C-48EF-B666-9E2B4CFE28AC}.Release|Any CPU.ActiveCfg = Release|Any CPU
		{446F5D06-397C-48EF-B666-9E2B4CFE28AC}.Release|Any CPU.Build.0 = Release|Any CPU
		{A92A37C0-BC59-4520-9A8D-8AA8FEA5F1BE}.Debug|Any CPU.ActiveCfg = Debug|Any CPU
		{A92A37C0-BC59-4520-9A8D-8AA8FEA5F1BE}.Debug|Any CPU.Build.0 = Debug|Any CPU
		{A92A37C0-BC59-4520-9A8D-8AA8FEA5F1BE}.Development|Any CPU.ActiveCfg = Debug|Any CPU
		{A92A37C0-BC59-4520-9A8D-8AA8FEA5F1BE}.Development|Any CPU.Build.0 = Debug|Any CPU
		{A92A37C0-BC59-4520-9A8D-8AA8FEA5F1BE}.Release|Any CPU.ActiveCfg = Release|Any CPU
		{A92A37C0-BC59-4520-9A8D-8AA8FEA5F1BE}.Release|Any CPU.Build.0 = Release|Any CPU
		{3A30973C-9B81-43C4-B087-2CEE7AC088CB}.Debug|Any CPU.ActiveCfg = Debug|Any CPU
		{3A30973C-9B81-43C4-B087-2CEE7AC088CB}.Debug|Any CPU.Build.0 = Debug|Any CPU
		{3A30973C-9B81-43C4-B087-2CEE7AC088CB}.Development|Any CPU.ActiveCfg = Debug|Any CPU
		{3A30973C-9B81-43C4-B087-2CEE7AC088CB}.Development|Any CPU.Build.0 = Debug|Any CPU
		{3A30973C-9B81-43C4-B087-2CEE7AC088CB}.Release|Any CPU.ActiveCfg = Release|Any CPU
		{3A30973C-9B81-43C4-B087-2CEE7AC088CB}.Release|Any CPU.Build.0 = Release|Any CPU
		{AFB65AF2-2802-4A5A-9BD7-F6F4DF48C4CB}.Debug|Any CPU.ActiveCfg = Debug|Any CPU
		{AFB65AF2-2802-4A5A-9BD7-F6F4DF48C4CB}.Debug|Any CPU.Build.0 = Debug|Any CPU
		{AFB65AF2-2802-4A5A-9BD7-F6F4DF48C4CB}.Development|Any CPU.ActiveCfg = Debug|Any CPU
		{AFB65AF2-2802-4A5A-9BD7-F6F4DF48C4CB}.Development|Any CPU.Build.0 = Debug|Any CPU
		{AFB65AF2-2802-4A5A-9BD7-F6F4DF48C4CB}.Release|Any CPU.ActiveCfg = Release|Any CPU
		{AFB65AF2-2802-4A5A-9BD7-F6F4DF48C4CB}.Release|Any CPU.Build.0 = Release|Any CPU
		{E2C2E06B-36C0-4837-AA1A-9A201C865B52}.Debug|Any CPU.ActiveCfg = Debug|Any CPU
		{E2C2E06B-36C0-4837-AA1A-9A201C865B52}.Debug|Any CPU.Build.0 = Debug|Any CPU
		{E2C2E06B-36C0-4837-AA1A-9A201C865B52}.Development|Any CPU.ActiveCfg = Debug|Any CPU
		{E2C2E06B-36C0-4837-AA1A-9A201C865B52}.Development|Any CPU.Build.0 = Debug|Any CPU
		{E2C2E06B-36C0-4837-AA1A-9A201C865B52}.Release|Any CPU.ActiveCfg = Release|Any CPU
		{E2C2E06B-36C0-4837-AA1A-9A201C865B52}.Release|Any CPU.Build.0 = Release|Any CPU
		{5F40CD8F-0AD4-4B00-B970-3EDBAC271A70}.Debug|Any CPU.ActiveCfg = Debug|Any CPU
		{5F40CD8F-0AD4-4B00-B970-3EDBAC271A70}.Debug|Any CPU.Build.0 = Debug|Any CPU
		{5F40CD8F-0AD4-4B00-B970-3EDBAC271A70}.Development|Any CPU.ActiveCfg = Debug|Any CPU
		{5F40CD8F-0AD4-4B00-B970-3EDBAC271A70}.Development|Any CPU.Build.0 = Debug|Any CPU
		{5F40CD8F-0AD4-4B00-B970-3EDBAC271A70}.Release|Any CPU.ActiveCfg = Release|Any CPU
		{5F40CD8F-0AD4-4B00-B970-3EDBAC271A70}.Release|Any CPU.Build.0 = Release|Any CPU
		{C649C21A-9537-46B8-B74C-43E6C7BC00DE}.Debug|Any CPU.ActiveCfg = Debug|Any CPU
		{C649C21A-9537-46B8-B74C-43E6C7BC00DE}.Debug|Any CPU.Build.0 = Debug|Any CPU
		{C649C21A-9537-46B8-B74C-43E6C7BC00DE}.Development|Any CPU.ActiveCfg = Debug|Any CPU
		{C649C21A-9537-46B8-B74C-43E6C7BC00DE}.Development|Any CPU.Build.0 = Debug|Any CPU
		{C649C21A-9537-46B8-B74C-43E6C7BC00DE}.Release|Any CPU.ActiveCfg = Release|Any CPU
		{C649C21A-9537-46B8-B74C-43E6C7BC00DE}.Release|Any CPU.Build.0 = Release|Any CPU
		{CA859508-F6E6-489C-A9BF-F0B4CA60CAD7}.Debug|Any CPU.ActiveCfg = Debug|Any CPU
		{CA859508-F6E6-489C-A9BF-F0B4CA60CAD7}.Debug|Any CPU.Build.0 = Debug|Any CPU
		{CA859508-F6E6-489C-A9BF-F0B4CA60CAD7}.Development|Any CPU.ActiveCfg = Debug|Any CPU
		{CA859508-F6E6-489C-A9BF-F0B4CA60CAD7}.Development|Any CPU.Build.0 = Debug|Any CPU
		{CA859508-F6E6-489C-A9BF-F0B4CA60CAD7}.Release|Any CPU.ActiveCfg = Release|Any CPU
		{CA859508-F6E6-489C-A9BF-F0B4CA60CAD7}.Release|Any CPU.Build.0 = Release|Any CPU
		{636672AE-B165-422A-8917-0F7B55B253CA}.Debug|Any CPU.ActiveCfg = Debug|Any CPU
		{636672AE-B165-422A-8917-0F7B55B253CA}.Debug|Any CPU.Build.0 = Debug|Any CPU
		{636672AE-B165-422A-8917-0F7B55B253CA}.Development|Any CPU.ActiveCfg = Debug|Any CPU
		{636672AE-B165-422A-8917-0F7B55B253CA}.Development|Any CPU.Build.0 = Debug|Any CPU
		{636672AE-B165-422A-8917-0F7B55B253CA}.Release|Any CPU.ActiveCfg = Release|Any CPU
		{636672AE-B165-422A-8917-0F7B55B253CA}.Release|Any CPU.Build.0 = Release|Any CPU
		{9909896A-7A5F-4E49-B42F-84F227A94678}.Debug|Any CPU.ActiveCfg = Debug|Any CPU
		{9909896A-7A5F-4E49-B42F-84F227A94678}.Debug|Any CPU.Build.0 = Debug|Any CPU
		{9909896A-7A5F-4E49-B42F-84F227A94678}.Development|Any CPU.ActiveCfg = Debug|Any CPU
		{9909896A-7A5F-4E49-B42F-84F227A94678}.Development|Any CPU.Build.0 = Debug|Any CPU
		{9909896A-7A5F-4E49-B42F-84F227A94678}.Release|Any CPU.ActiveCfg = Release|Any CPU
		{9909896A-7A5F-4E49-B42F-84F227A94678}.Release|Any CPU.Build.0 = Release|Any CPU
		{FB9BB359-EE6A-4D13-A626-A3EFF1D042A7}.Debug|Any CPU.ActiveCfg = Debug|Any CPU
		{FB9BB359-EE6A-4D13-A626-A3EFF1D042A7}.Debug|Any CPU.Build.0 = Debug|Any CPU
		{FB9BB359-EE6A-4D13-A626-A3EFF1D042A7}.Development|Any CPU.ActiveCfg = Debug|Any CPU
		{FB9BB359-EE6A-4D13-A626-A3EFF1D042A7}.Development|Any CPU.Build.0 = Debug|Any CPU
		{FB9BB359-EE6A-4D13-A626-A3EFF1D042A7}.Release|Any CPU.ActiveCfg = Release|Any CPU
		{FB9BB359-EE6A-4D13-A626-A3EFF1D042A7}.Release|Any CPU.Build.0 = Release|Any CPU
		{34694A20-ADB7-4839-A4F5-1D994632A7FA}.Debug|Any CPU.ActiveCfg = Debug|Any CPU
		{34694A20-ADB7-4839-A4F5-1D994632A7FA}.Debug|Any CPU.Build.0 = Debug|Any CPU
		{34694A20-ADB7-4839-A4F5-1D994632A7FA}.Development|Any CPU.ActiveCfg = Debug|Any CPU
		{34694A20-ADB7-4839-A4F5-1D994632A7FA}.Development|Any CPU.Build.0 = Debug|Any CPU
		{34694A20-ADB7-4839-A4F5-1D994632A7FA}.Release|Any CPU.ActiveCfg = Release|Any CPU
		{34694A20-ADB7-4839-A4F5-1D994632A7FA}.Release|Any CPU.Build.0 = Release|Any CPU
		{831448C5-FCE2-46D4-96D5-1B08C74F5D66}.Debug|Any CPU.ActiveCfg = Debug|Any CPU
		{831448C5-FCE2-46D4-96D5-1B08C74F5D66}.Debug|Any CPU.Build.0 = Debug|Any CPU
		{831448C5-FCE2-46D4-96D5-1B08C74F5D66}.Development|Any CPU.ActiveCfg = Debug|Any CPU
		{831448C5-FCE2-46D4-96D5-1B08C74F5D66}.Development|Any CPU.Build.0 = Debug|Any CPU
		{831448C5-FCE2-46D4-96D5-1B08C74F5D66}.Release|Any CPU.ActiveCfg = Release|Any CPU
		{831448C5-FCE2-46D4-96D5-1B08C74F5D66}.Release|Any CPU.Build.0 = Release|Any CPU
		{60ED57C5-A626-4BB4-9077-181AF9DAA87E}.Debug|Any CPU.ActiveCfg = Debug|Any CPU
		{60ED57C5-A626-4BB4-9077-181AF9DAA87E}.Debug|Any CPU.Build.0 = Debug|Any CPU
		{60ED57C5-A626-4BB4-9077-181AF9DAA87E}.Development|Any CPU.ActiveCfg = Debug|Any CPU
		{60ED57C5-A626-4BB4-9077-181AF9DAA87E}.Development|Any CPU.Build.0 = Debug|Any CPU
		{60ED57C5-A626-4BB4-9077-181AF9DAA87E}.Release|Any CPU.ActiveCfg = Release|Any CPU
		{60ED57C5-A626-4BB4-9077-181AF9DAA87E}.Release|Any CPU.Build.0 = Release|Any CPU
		{7353EB06-1E14-4424-9D7F-1B230A02E777}.Debug|Any CPU.ActiveCfg = Debug|Any CPU
		{7353EB06-1E14-4424-9D7F-1B230A02E777}.Debug|Any CPU.Build.0 = Debug|Any CPU
		{7353EB06-1E14-4424-9D7F-1B230A02E777}.Development|Any CPU.ActiveCfg = Debug|Any CPU
		{7353EB06-1E14-4424-9D7F-1B230A02E777}.Development|Any CPU.Build.0 = Debug|Any CPU
		{7353EB06-1E14-4424-9D7F-1B230A02E777}.Release|Any CPU.ActiveCfg = Release|Any CPU
		{7353EB06-1E14-4424-9D7F-1B230A02E777}.Release|Any CPU.Build.0 = Release|Any CPU
		{EE7CFB06-96DE-4E65-9C61-DFE4E7B97FC0}.Debug|Any CPU.ActiveCfg = Debug|Any CPU
		{EE7CFB06-96DE-4E65-9C61-DFE4E7B97FC0}.Debug|Any CPU.Build.0 = Debug|Any CPU
		{EE7CFB06-96DE-4E65-9C61-DFE4E7B97FC0}.Development|Any CPU.ActiveCfg = Debug|Any CPU
		{EE7CFB06-96DE-4E65-9C61-DFE4E7B97FC0}.Development|Any CPU.Build.0 = Debug|Any CPU
		{EE7CFB06-96DE-4E65-9C61-DFE4E7B97FC0}.Release|Any CPU.ActiveCfg = Release|Any CPU
		{EE7CFB06-96DE-4E65-9C61-DFE4E7B97FC0}.Release|Any CPU.Build.0 = Release|Any CPU
		{950FAC9E-B1D6-4CDD-8411-18F4E49A3933}.Debug|Any CPU.ActiveCfg = Debug|Any CPU
		{950FAC9E-B1D6-4CDD-8411-18F4E49A3933}.Debug|Any CPU.Build.0 = Debug|Any CPU
		{950FAC9E-B1D6-4CDD-8411-18F4E49A3933}.Development|Any CPU.ActiveCfg = Debug|Any CPU
		{950FAC9E-B1D6-4CDD-8411-18F4E49A3933}.Development|Any CPU.Build.0 = Debug|Any CPU
		{950FAC9E-B1D6-4CDD-8411-18F4E49A3933}.Release|Any CPU.ActiveCfg = Release|Any CPU
		{950FAC9E-B1D6-4CDD-8411-18F4E49A3933}.Release|Any CPU.Build.0 = Release|Any CPU
		{5E9C0C6A-334B-4723-AD7E-E9F30AE29229}.Debug|Any CPU.ActiveCfg = Debug|Any CPU
		{5E9C0C6A-334B-4723-AD7E-E9F30AE29229}.Debug|Any CPU.Build.0 = Debug|Any CPU
		{5E9C0C6A-334B-4723-AD7E-E9F30AE29229}.Development|Any CPU.ActiveCfg = Debug|Any CPU
		{5E9C0C6A-334B-4723-AD7E-E9F30AE29229}.Development|Any CPU.Build.0 = Debug|Any CPU
		{5E9C0C6A-334B-4723-AD7E-E9F30AE29229}.Release|Any CPU.ActiveCfg = Release|Any CPU
		{5E9C0C6A-334B-4723-AD7E-E9F30AE29229}.Release|Any CPU.Build.0 = Release|Any CPU
	EndGlobalSection
	GlobalSection(SolutionProperties) = preSolution
		HideSolutionNode = FALSE
	EndGlobalSection
	GlobalSection(NestedProjects) = preSolution
		{FAB3FBA3-AB13-4953-B3C4-A7D9519E149E} = {FB853D06-E58C-4C48-B507-7EA2A41BB9F8}
		{6A6442F6-EE1C-4BA6-A0F7-48E7C341042F} = {EC29CE5F-0F0B-412C-A772-FA90AF7FFC27}
		{57D15937-BF11-4F6E-ADA7-7E14664D2E89} = {EC29CE5F-0F0B-412C-A772-FA90AF7FFC27}
		{5C7A70D7-B91B-473E-BE60-E87D070D925E} = {EC29CE5F-0F0B-412C-A772-FA90AF7FFC27}
		{D741AB00-E0C7-4CC7-828C-6480E3FAEF9C} = {EC29CE5F-0F0B-412C-A772-FA90AF7FFC27}
		{6FFCB24A-1061-4A9A-8DFC-0B77F4CCF801} = {5B0E3B8A-B8FE-4948-B66C-C67325A5245B}
		{7935BDDF-B0AA-451B-B0AB-661B9C39CD5C} = {5B0E3B8A-B8FE-4948-B66C-C67325A5245B}
		{3B3F53E2-4782-4BA8-A925-39CC92507919} = {5B0E3B8A-B8FE-4948-B66C-C67325A5245B}
		{446F5D06-397C-48EF-B666-9E2B4CFE28AC} = {EC29CE5F-0F0B-412C-A772-FA90AF7FFC27}
		{A92A37C0-BC59-4520-9A8D-8AA8FEA5F1BE} = {A819B191-9B31-4A1E-BDA9-25AD9E226AEC}
		{3A30973C-9B81-43C4-B087-2CEE7AC088CB} = {A819B191-9B31-4A1E-BDA9-25AD9E226AEC}
		{AFB65AF2-2802-4A5A-9BD7-F6F4DF48C4CB} = {A819B191-9B31-4A1E-BDA9-25AD9E226AEC}
		{E2C2E06B-36C0-4837-AA1A-9A201C865B52} = {A819B191-9B31-4A1E-BDA9-25AD9E226AEC}
		{C649C21A-9537-46B8-B74C-43E6C7BC00DE} = {FB853D06-E58C-4C48-B507-7EA2A41BB9F8}
		{CA859508-F6E6-489C-A9BF-F0B4CA60CAD7} = {62C1BDD4-C651-4341-884A-948D5922D737}
		{636672AE-B165-422A-8917-0F7B55B253CA} = {62C1BDD4-C651-4341-884A-948D5922D737}
		{9909896A-7A5F-4E49-B42F-84F227A94678} = {FB853D06-E58C-4C48-B507-7EA2A41BB9F8}
		{FB9BB359-EE6A-4D13-A626-A3EFF1D042A7} = {A35D41AD-13B4-43B3-B39F-D06F1E3F6EB1}
		{34694A20-ADB7-4839-A4F5-1D994632A7FA} = {0947F777-FC11-4FD5-99C8-643EDAEAFDB4}
		{831448C5-FCE2-46D4-96D5-1B08C74F5D66} = {0947F777-FC11-4FD5-99C8-643EDAEAFDB4}
		{60ED57C5-A626-4BB4-9077-181AF9DAA87E} = {62C1BDD4-C651-4341-884A-948D5922D737}
		{7353EB06-1E14-4424-9D7F-1B230A02E777} = {FB853D06-E58C-4C48-B507-7EA2A41BB9F8}
		{EE7CFB06-96DE-4E65-9C61-DFE4E7B97FC0} = {62C1BDD4-C651-4341-884A-948D5922D737}
		{950FAC9E-B1D6-4CDD-8411-18F4E49A3933} = {62C1BDD4-C651-4341-884A-948D5922D737}
	EndGlobalSection
	GlobalSection(ExtensibilityGlobals) = postSolution
		VisualSVNWorkingCopyRoot = .
		SolutionGuid = {69E8167B-7D44-4C05-A2A6-F4AA6F413B33}
	EndGlobalSection
EndGlobal
